// !$*UTF8*$!
{
	archiveVersion = 1;
	classes = {
	};
	objectVersion = 46;
	objects = {

/* Begin PBXBuildFile section */
		3F4758F11F0BA02400B82645 /* TRCAccountInfoInputViewController.swift in Sources */ = {isa = PBXBuildFile; fileRef = 3F4758EF1F0BA02400B82645 /* TRCAccountInfoInputViewController.swift */; };
		3F4758F51F0BA03F00B82645 /* TRCPharmacySearchResultsViewController.swift in Sources */ = {isa = PBXBuildFile; fileRef = 3F4758F31F0BA03F00B82645 /* TRCPharmacySearchResultsViewController.swift */; };
		3F4758F91F0BA05F00B82645 /* TRCMyPharmacistInputViewController.swift in Sources */ = {isa = PBXBuildFile; fileRef = 3F4758F71F0BA05F00B82645 /* TRCMyPharmacistInputViewController.swift */; };
		3F4758FD1F0BA08100B82645 /* TRCPharmacySearchViewController.swift in Sources */ = {isa = PBXBuildFile; fileRef = 3F4758FB1F0BA08100B82645 /* TRCPharmacySearchViewController.swift */; };
		3F4759051F0BA0A700B82645 /* TRCUserRegistCompleteViewController.swift in Sources */ = {isa = PBXBuildFile; fileRef = 3F4759031F0BA0A700B82645 /* TRCUserRegistCompleteViewController.swift */; };
		3F47590D1F0BA0D500B82645 /* TRCAccountInfoInputViewController.xib in Resources */ = {isa = PBXBuildFile; fileRef = 3F4759071F0BA0D500B82645 /* TRCAccountInfoInputViewController.xib */; };
		3F47590E1F0BA0D500B82645 /* TRCMyPharmacistInputViewController.xib in Resources */ = {isa = PBXBuildFile; fileRef = 3F4759081F0BA0D500B82645 /* TRCMyPharmacistInputViewController.xib */; };
		3F4759101F0BA0D500B82645 /* TRCPharmacySearchResultsViewController.xib in Resources */ = {isa = PBXBuildFile; fileRef = 3F47590A1F0BA0D500B82645 /* TRCPharmacySearchResultsViewController.xib */; };
		3F4759111F0BA0D500B82645 /* TRCPharmacySearchViewController.xib in Resources */ = {isa = PBXBuildFile; fileRef = 3F47590B1F0BA0D500B82645 /* TRCPharmacySearchViewController.xib */; };
		3F4759121F0BA0D500B82645 /* TRCUserRegistCompleteViewController.xib in Resources */ = {isa = PBXBuildFile; fileRef = 3F47590C1F0BA0D500B82645 /* TRCUserRegistCompleteViewController.xib */; };
		3F4759151F0BA86C00B82645 /* TRCForgotPasswordEmailInputViewController.swift in Sources */ = {isa = PBXBuildFile; fileRef = 3F4759131F0BA86C00B82645 /* TRCForgotPasswordEmailInputViewController.swift */; };
		3F4759161F0BA86C00B82645 /* TRCForgotPasswordSentViewController.swift in Sources */ = {isa = PBXBuildFile; fileRef = 3F4759141F0BA86C00B82645 /* TRCForgotPasswordSentViewController.swift */; };
		3F4759191F0BA87500B82645 /* TRCForgotPasswordEmailInputViewController.xib in Resources */ = {isa = PBXBuildFile; fileRef = 3F4759171F0BA87500B82645 /* TRCForgotPasswordEmailInputViewController.xib */; };
		3F47591A1F0BA87500B82645 /* TRCForgotPasswordSentViewController.xib in Resources */ = {isa = PBXBuildFile; fileRef = 3F4759181F0BA87500B82645 /* TRCForgotPasswordSentViewController.xib */; };
		3F47591C1F0C7DA100B82645 /* Image.swift in Sources */ = {isa = PBXBuildFile; fileRef = 3F47591B1F0C7DA100B82645 /* Image.swift */; };
		3F4759231F0CC37B00B82645 /* TRCSettingViewController.swift in Sources */ = {isa = PBXBuildFile; fileRef = 3F4759211F0CC37B00B82645 /* TRCSettingViewController.swift */; };
		3F4759281F0CC3AD00B82645 /* TRCLogoutViewController.swift in Sources */ = {isa = PBXBuildFile; fileRef = 3F4759271F0CC3AD00B82645 /* TRCLogoutViewController.swift */; };
		3F47592B1F0CC3BE00B82645 /* TRCEmailChangeInputViewController.swift in Sources */ = {isa = PBXBuildFile; fileRef = 3F4759291F0CC3BE00B82645 /* TRCEmailChangeInputViewController.swift */; };
		3F47592F1F0CC3CC00B82645 /* TRCLinkedServicesViewController.swift in Sources */ = {isa = PBXBuildFile; fileRef = 3F47592D1F0CC3CC00B82645 /* TRCLinkedServicesViewController.swift */; };
		3F4759331F0CC3DF00B82645 /* TRCEmailChangeCompleteViewController.swift in Sources */ = {isa = PBXBuildFile; fileRef = 3F4759311F0CC3DF00B82645 /* TRCEmailChangeCompleteViewController.swift */; };
		3F4759371F0CC3EA00B82645 /* TRCPasswordChangeViewController.swift in Sources */ = {isa = PBXBuildFile; fileRef = 3F4759351F0CC3EA00B82645 /* TRCPasswordChangeViewController.swift */; };
		3F47593B1F0CC40000B82645 /* TRCPasscodeLockSettingViewController.swift in Sources */ = {isa = PBXBuildFile; fileRef = 3F4759391F0CC40000B82645 /* TRCPasscodeLockSettingViewController.swift */; };
		3F47593F1F0CC40F00B82645 /* TRCPasscodeLockInputViewController.swift in Sources */ = {isa = PBXBuildFile; fileRef = 3F47593D1F0CC40F00B82645 /* TRCPasscodeLockInputViewController.swift */; };
		3F4759431F0CC42F00B82645 /* TRCNotificationSettingViewController.swift in Sources */ = {isa = PBXBuildFile; fileRef = 3F4759411F0CC42F00B82645 /* TRCNotificationSettingViewController.swift */; };
		3F4759471F0CC44000B82645 /* TRCThemeColorSettingViewController.swift in Sources */ = {isa = PBXBuildFile; fileRef = 3F4759451F0CC44000B82645 /* TRCThemeColorSettingViewController.swift */; };
		3F47594B1F0CC45000B82645 /* TRCAboutAppViewController.swift in Sources */ = {isa = PBXBuildFile; fileRef = 3F4759491F0CC45000B82645 /* TRCAboutAppViewController.swift */; };
		3F47594F1F0CC46000B82645 /* TRCUserLeaveViewController.swift in Sources */ = {isa = PBXBuildFile; fileRef = 3F47594D1F0CC46000B82645 /* TRCUserLeaveViewController.swift */; };
		3F4759531F0CC46E00B82645 /* TRCUserLeaveCompleteViewController.swift in Sources */ = {isa = PBXBuildFile; fileRef = 3F4759511F0CC46E00B82645 /* TRCUserLeaveCompleteViewController.swift */; };
		3F4759611F0CC50C00B82645 /* TRCAboutAppViewController.xib in Resources */ = {isa = PBXBuildFile; fileRef = 3F4759551F0CC50C00B82645 /* TRCAboutAppViewController.xib */; };
		3F4759621F0CC50C00B82645 /* TRCEmailChangeCompleteViewController.xib in Resources */ = {isa = PBXBuildFile; fileRef = 3F4759561F0CC50C00B82645 /* TRCEmailChangeCompleteViewController.xib */; };
		3F4759631F0CC50C00B82645 /* TRCEmailChangeInputViewController.xib in Resources */ = {isa = PBXBuildFile; fileRef = 3F4759571F0CC50C00B82645 /* TRCEmailChangeInputViewController.xib */; };
		3F4759641F0CC50C00B82645 /* TRCLinkedServicesViewController.xib in Resources */ = {isa = PBXBuildFile; fileRef = 3F4759581F0CC50C00B82645 /* TRCLinkedServicesViewController.xib */; };
		3F4759651F0CC50C00B82645 /* TRCNotificationSettingViewController.xib in Resources */ = {isa = PBXBuildFile; fileRef = 3F4759591F0CC50C00B82645 /* TRCNotificationSettingViewController.xib */; };
		3F4759661F0CC50C00B82645 /* TRCPasscodeLockInputViewController.xib in Resources */ = {isa = PBXBuildFile; fileRef = 3F47595A1F0CC50C00B82645 /* TRCPasscodeLockInputViewController.xib */; };
		3F4759671F0CC50C00B82645 /* TRCPasscodeLockSettingViewController.xib in Resources */ = {isa = PBXBuildFile; fileRef = 3F47595B1F0CC50C00B82645 /* TRCPasscodeLockSettingViewController.xib */; };
		3F4759681F0CC50C00B82645 /* TRCPasswordChangeViewController.xib in Resources */ = {isa = PBXBuildFile; fileRef = 3F47595C1F0CC50C00B82645 /* TRCPasswordChangeViewController.xib */; };
		3F4759691F0CC50C00B82645 /* TRCSettingViewController.xib in Resources */ = {isa = PBXBuildFile; fileRef = 3F47595D1F0CC50C00B82645 /* TRCSettingViewController.xib */; };
		3F47596A1F0CC50C00B82645 /* TRCThemeColorSettingViewController.xib in Resources */ = {isa = PBXBuildFile; fileRef = 3F47595E1F0CC50C00B82645 /* TRCThemeColorSettingViewController.xib */; };
		3F47596B1F0CC50C00B82645 /* TRCUserLeaveCompleteViewController.xib in Resources */ = {isa = PBXBuildFile; fileRef = 3F47595F1F0CC50C00B82645 /* TRCUserLeaveCompleteViewController.xib */; };
		3F47596C1F0CC50C00B82645 /* TRCUserLeaveViewController.xib in Resources */ = {isa = PBXBuildFile; fileRef = 3F4759601F0CC50C00B82645 /* TRCUserLeaveViewController.xib */; };
		3F4759751F0DE72A00B82645 /* TRCLinkedServiceCell.swift in Sources */ = {isa = PBXBuildFile; fileRef = 3F4759731F0DE72A00B82645 /* TRCLinkedServiceCell.swift */; };
		3F4759781F0DE74400B82645 /* TRCLinkedServiceCell.xib in Resources */ = {isa = PBXBuildFile; fileRef = 3F4759771F0DE74400B82645 /* TRCLinkedServiceCell.xib */; };
		3F475A601F0F9F0300B82645 /* TRCMyPageViewController.swift in Sources */ = {isa = PBXBuildFile; fileRef = 3F475A5C1F0F9F0300B82645 /* TRCMyPageViewController.swift */; };
		3F475A611F0F9F0300B82645 /* TRCMyPageViewController.xib in Resources */ = {isa = PBXBuildFile; fileRef = 3F475A5F1F0F9F0300B82645 /* TRCMyPageViewController.xib */; };
		3F475A641F132AC800B82645 /* Singleton.swift in Sources */ = {isa = PBXBuildFile; fileRef = 3F475A631F132AC800B82645 /* Singleton.swift */; };
		3F475A671F14687F00B82645 /* TRCAboutAppCell.swift in Sources */ = {isa = PBXBuildFile; fileRef = 3F475A651F14687F00B82645 /* TRCAboutAppCell.swift */; };
		3F475A6A1F14698E00B82645 /* TRCAboutAppCell.xib in Resources */ = {isa = PBXBuildFile; fileRef = 3F475A691F14698E00B82645 /* TRCAboutAppCell.xib */; };
		3F475A741F14B05A00B82645 /* TRCMyPageCell.swift in Sources */ = {isa = PBXBuildFile; fileRef = 3F475A721F14B05A00B82645 /* TRCMyPageCell.swift */; };
		3F475A771F14C2A800B82645 /* TRCMyPageCell.xib in Resources */ = {isa = PBXBuildFile; fileRef = 3F475A761F14C2A800B82645 /* TRCMyPageCell.xib */; };
		3F475A7A1F16155200B82645 /* TRCWalkingGoalDetailViewController.swift in Sources */ = {isa = PBXBuildFile; fileRef = 3F475A781F16155100B82645 /* TRCWalkingGoalDetailViewController.swift */; };
		3F475A7D1F170ECB00B82645 /* TRCWalkingGoalDetailViewController.xib in Resources */ = {isa = PBXBuildFile; fileRef = 3F475A7C1F170ECB00B82645 /* TRCWalkingGoalDetailViewController.xib */; };
		3F475A801F17155E00B82645 /* TRCMyPharmacyDetailViewController.swift in Sources */ = {isa = PBXBuildFile; fileRef = 3F475A7E1F17155E00B82645 /* TRCMyPharmacyDetailViewController.swift */; };
		3F475A831F17157100B82645 /* TRCMyPharmacyDetailViewController.xib in Resources */ = {isa = PBXBuildFile; fileRef = 3F475A821F17157100B82645 /* TRCMyPharmacyDetailViewController.xib */; };
		3F475A861F172A2000B82645 /* TRCPointViewController.swift in Sources */ = {isa = PBXBuildFile; fileRef = 3F475A841F172A2000B82645 /* TRCPointViewController.swift */; };
		3F475A891F172A6600B82645 /* TRCPointViewController.xib in Resources */ = {isa = PBXBuildFile; fileRef = 3F475A881F172A6600B82645 /* TRCPointViewController.xib */; };
		3F475A8C1F1753E600B82645 /* TRCPointDetailViewController.swift in Sources */ = {isa = PBXBuildFile; fileRef = 3F475A8A1F1753E600B82645 /* TRCPointDetailViewController.swift */; };
		3F475A901F1753FD00B82645 /* TRCPointDetailCell.swift in Sources */ = {isa = PBXBuildFile; fileRef = 3F475A8E1F1753FD00B82645 /* TRCPointDetailCell.swift */; };
		3F475A941F175EEA00B82645 /* TRCPointDetailCell.xib in Resources */ = {isa = PBXBuildFile; fileRef = 3F475A921F175EEA00B82645 /* TRCPointDetailCell.xib */; };
		3F475A951F175EEA00B82645 /* TRCPointDetailViewController.xib in Resources */ = {isa = PBXBuildFile; fileRef = 3F475A931F175EEA00B82645 /* TRCPointDetailViewController.xib */; };
		3F475A981F1763AE00B82645 /* TRCSearchResultCell.swift in Sources */ = {isa = PBXBuildFile; fileRef = 3F475A961F1763AE00B82645 /* TRCSearchResultCell.swift */; };
		3F475AAA1F176A3E00B82645 /* TRCSearchResultCell.xib in Resources */ = {isa = PBXBuildFile; fileRef = 3F475AA91F176A3E00B82645 /* TRCSearchResultCell.xib */; };
		3F57F6DB1F1C618800CC079C /* TRCSearchLocationPageView.swift in Sources */ = {isa = PBXBuildFile; fileRef = 3F57F6D91F1C618800CC079C /* TRCSearchLocationPageView.swift */; };
		3F57F6DF1F1C619E00CC079C /* TRCSearchCurrentLocationPageView.swift in Sources */ = {isa = PBXBuildFile; fileRef = 3F57F6DD1F1C619E00CC079C /* TRCSearchCurrentLocationPageView.swift */; };
		3F57F6E31F1CC19800CC079C /* GLViewPagerViewController.swift in Sources */ = {isa = PBXBuildFile; fileRef = 3F57F6E21F1CC19800CC079C /* GLViewPagerViewController.swift */; };
		3F57F6E61F1CC33A00CC079C /* TRCSearchPageViewController.swift in Sources */ = {isa = PBXBuildFile; fileRef = 3F57F6E41F1CC33A00CC079C /* TRCSearchPageViewController.swift */; };
		3F57F6ED1F1CD39E00CC079C /* TRCSearchCurrentLocationPageView.xib in Resources */ = {isa = PBXBuildFile; fileRef = 3F57F6EA1F1CD39E00CC079C /* TRCSearchCurrentLocationPageView.xib */; };
		3F57F6EE1F1CD39E00CC079C /* TRCSearchLocationPageView.xib in Resources */ = {isa = PBXBuildFile; fileRef = 3F57F6EB1F1CD39E00CC079C /* TRCSearchLocationPageView.xib */; };
		3F57F6EF1F1CD39E00CC079C /* TRCSearchPageViewController.xib in Resources */ = {isa = PBXBuildFile; fileRef = 3F57F6EC1F1CD39E00CC079C /* TRCSearchPageViewController.xib */; };
		3F57F6F51F1F031300CC079C /* example.swift in Sources */ = {isa = PBXBuildFile; fileRef = 3F57F6F41F1F031300CC079C /* example.swift */; };
		3F57F6F71F1F032000CC079C /* example2.swift in Sources */ = {isa = PBXBuildFile; fileRef = 3F57F6F61F1F032000CC079C /* example2.swift */; };
		3F57F6F91F1F032C00CC079C /* example3.swift in Sources */ = {isa = PBXBuildFile; fileRef = 3F57F6F81F1F032C00CC079C /* example3.swift */; };
		3F57F6FB1F1F034800CC079C /* example4.swift in Sources */ = {isa = PBXBuildFile; fileRef = 3F57F6FA1F1F034800CC079C /* example4.swift */; };
		3F57F6FD1F1F035700CC079C /* example5.swift in Sources */ = {isa = PBXBuildFile; fileRef = 3F57F6FC1F1F035700CC079C /* example5.swift */; };
		3F57F7291F21DDEA00CC079C /* TRCQRCodeViewController.swift in Sources */ = {isa = PBXBuildFile; fileRef = 3F57F7271F21DDEA00CC079C /* TRCQRCodeViewController.swift */; };
		3F57F72C1F21E1E700CC079C /* TRCQRCodeViewController.xib in Resources */ = {isa = PBXBuildFile; fileRef = 3F57F72B1F21E1E700CC079C /* TRCQRCodeViewController.xib */; };
		3F57F7331F25F78800CC079C /* TRCMessageListViewController.swift in Sources */ = {isa = PBXBuildFile; fileRef = 3F57F7311F25F78800CC079C /* TRCMessageListViewController.swift */; };
		3F57F7371F25F7C100CC079C /* TRCMessageListCell.swift in Sources */ = {isa = PBXBuildFile; fileRef = 3F57F7351F25F7C100CC079C /* TRCMessageListCell.swift */; };
		3F57F73B1F26DBAC00CC079C /* TRCMessageListCell.xib in Resources */ = {isa = PBXBuildFile; fileRef = 3F57F7391F26DBAC00CC079C /* TRCMessageListCell.xib */; };
		3F57F73C1F26DBAC00CC079C /* TRCMessageListViewController.xib in Resources */ = {isa = PBXBuildFile; fileRef = 3F57F73A1F26DBAC00CC079C /* TRCMessageListViewController.xib */; };
		3FB411441EFB6221008720A6 /* AppDelegate.swift in Sources */ = {isa = PBXBuildFile; fileRef = 3FB411301EFB6221008720A6 /* AppDelegate.swift */; };
		3FB411461EFB6221008720A6 /* Assets.xcassets in Resources */ = {isa = PBXBuildFile; fileRef = 3FB411391EFB6221008720A6 /* Assets.xcassets */; };
		3FB411481EFB6221008720A6 /* LaunchScreen.storyboard in Resources */ = {isa = PBXBuildFile; fileRef = 3FB4113C1EFB6221008720A6 /* LaunchScreen.storyboard */; };
		3FB4114A1EFB7C17008720A6 /* Info.plist in Resources */ = {isa = PBXBuildFile; fileRef = 3FB4113B1EFB6221008720A6 /* Info.plist */; };
		3FB4114C1EFB7C98008720A6 /* TRCBaseViewController.swift in Sources */ = {isa = PBXBuildFile; fileRef = 3FB4114B1EFB7C98008720A6 /* TRCBaseViewController.swift */; };
		3FB4114F1EFB7CA7008720A6 /* TRCLoginViewController.swift in Sources */ = {isa = PBXBuildFile; fileRef = 3FB4114D1EFB7CA7008720A6 /* TRCLoginViewController.swift */; };
		3FB411521EFB7CC0008720A6 /* TRCLoginViewController.xib in Resources */ = {isa = PBXBuildFile; fileRef = 3FB411511EFB7CC0008720A6 /* TRCLoginViewController.xib */; };
		3FB411561EFB9DD2008720A6 /* HexColor.swift in Sources */ = {isa = PBXBuildFile; fileRef = 3FB411551EFB9DD2008720A6 /* HexColor.swift */; };
		3FB411681EFBBA11008720A6 /* TRCConfigConstant.swift in Sources */ = {isa = PBXBuildFile; fileRef = 3FB411671EFBBA11008720A6 /* TRCConfigConstant.swift */; };
		3FB4116A1EFBBAC2008720A6 /* TRCStringConstant.swift in Sources */ = {isa = PBXBuildFile; fileRef = 3FB411691EFBBAC2008720A6 /* TRCStringConstant.swift */; };
		3FB4116C1EFBBEF6008720A6 /* Alert.swift in Sources */ = {isa = PBXBuildFile; fileRef = 3FB4116B1EFBBEF6008720A6 /* Alert.swift */; };
		3FB4116F1EFCF09C008720A6 /* TRCLoginAPIController.swift in Sources */ = {isa = PBXBuildFile; fileRef = 3FB4116E1EFCF09C008720A6 /* TRCLoginAPIController.swift */; };
		3FB411731EFD0DDA008720A6 /* TRCBaseAPIController.swift in Sources */ = {isa = PBXBuildFile; fileRef = 3FB411721EFD0DDA008720A6 /* TRCBaseAPIController.swift */; };
		3FB411771F00988A008720A6 /* TRCAPIKeyContant.swift in Sources */ = {isa = PBXBuildFile; fileRef = 3FB411761F00988A008720A6 /* TRCAPIKeyContant.swift */; };
		3FB411791F00B05A008720A6 /* Connectivity.swift in Sources */ = {isa = PBXBuildFile; fileRef = 3FB411781F00B05A008720A6 /* Connectivity.swift */; };
		3FB4118E1F0122D0008720A6 /* UserDefaults.swift in Sources */ = {isa = PBXBuildFile; fileRef = 3FB4118D1F0122D0008720A6 /* UserDefaults.swift */; };
		3FB411901F04F884008720A6 /* Button.swift in Sources */ = {isa = PBXBuildFile; fileRef = 3FB4118F1F04F884008720A6 /* Button.swift */; };
		3FB411921F05F7B9008720A6 /* Label.swift in Sources */ = {isa = PBXBuildFile; fileRef = 3FB411911F05F7B9008720A6 /* Label.swift */; };
		3FB411991F05F988008720A6 /* TRCHomeViewController.swift in Sources */ = {isa = PBXBuildFile; fileRef = 3FB411951F05F988008720A6 /* TRCHomeViewController.swift */; };
		3FB4119A1F05F988008720A6 /* TRCHomeViewController.xib in Resources */ = {isa = PBXBuildFile; fileRef = 3FB411981F05F988008720A6 /* TRCHomeViewController.xib */; };
		3FB4119C1F05FB8B008720A6 /* Textfield.swift in Sources */ = {isa = PBXBuildFile; fileRef = 3FB4119B1F05FB8B008720A6 /* Textfield.swift */; };
		3FB4119E1F063819008720A6 /* View.swift in Sources */ = {isa = PBXBuildFile; fileRef = 3FB4119D1F063819008720A6 /* View.swift */; };
		3FB411A51F09E13E008720A6 /* TRCPreLoginViewController.swift in Sources */ = {isa = PBXBuildFile; fileRef = 3FB411A11F09E13E008720A6 /* TRCPreLoginViewController.swift */; };
		3FB411A61F09E13E008720A6 /* TRCPreLoginViewController.xib in Resources */ = {isa = PBXBuildFile; fileRef = 3FB411A41F09E13E008720A6 /* TRCPreLoginViewController.xib */; };
		3FB411AD1F09F2AA008720A6 /* TRCRegisterViewController.swift in Sources */ = {isa = PBXBuildFile; fileRef = 3FB411AB1F09F2AA008720A6 /* TRCRegisterViewController.swift */; };
		3FB411B01F09F2C2008720A6 /* TRCRegisterViewController.xib in Resources */ = {isa = PBXBuildFile; fileRef = 3FB411AF1F09F2C2008720A6 /* TRCRegisterViewController.xib */; };
		57C6E70B6D71631356703859 /* Pods_ToricareSwift.framework in Frameworks */ = {isa = PBXBuildFile; fileRef = B6768D856B942112EB83DFE3 /* Pods_ToricareSwift.framework */; };
		C00CF8EF1F17284800B6A5A5 /* Localizable.strings in Resources */ = {isa = PBXBuildFile; fileRef = C00CF8F11F17284800B6A5A5 /* Localizable.strings */; };
		C05B9ABF1F1F03A30069B903 /* TRCPharmacyObject.swift in Sources */ = {isa = PBXBuildFile; fileRef = C05B9ABE1F1F03A30069B903 /* TRCPharmacyObject.swift */; };
/* End PBXBuildFile section */

/* Begin PBXFileReference section */
		3F4758EF1F0BA02400B82645 /* TRCAccountInfoInputViewController.swift */ = {isa = PBXFileReference; fileEncoding = 4; lastKnownFileType = sourcecode.swift; path = TRCAccountInfoInputViewController.swift; sourceTree = "<group>"; };
		3F4758F31F0BA03F00B82645 /* TRCPharmacySearchResultsViewController.swift */ = {isa = PBXFileReference; fileEncoding = 4; lastKnownFileType = sourcecode.swift; path = TRCPharmacySearchResultsViewController.swift; sourceTree = "<group>"; };
		3F4758F71F0BA05F00B82645 /* TRCMyPharmacistInputViewController.swift */ = {isa = PBXFileReference; fileEncoding = 4; lastKnownFileType = sourcecode.swift; path = TRCMyPharmacistInputViewController.swift; sourceTree = "<group>"; };
		3F4758FB1F0BA08100B82645 /* TRCPharmacySearchViewController.swift */ = {isa = PBXFileReference; fileEncoding = 4; lastKnownFileType = sourcecode.swift; path = TRCPharmacySearchViewController.swift; sourceTree = "<group>"; };
		3F4759031F0BA0A700B82645 /* TRCUserRegistCompleteViewController.swift */ = {isa = PBXFileReference; fileEncoding = 4; lastKnownFileType = sourcecode.swift; path = TRCUserRegistCompleteViewController.swift; sourceTree = "<group>"; };
		3F4759071F0BA0D500B82645 /* TRCAccountInfoInputViewController.xib */ = {isa = PBXFileReference; fileEncoding = 4; lastKnownFileType = file.xib; path = TRCAccountInfoInputViewController.xib; sourceTree = "<group>"; };
		3F4759081F0BA0D500B82645 /* TRCMyPharmacistInputViewController.xib */ = {isa = PBXFileReference; fileEncoding = 4; lastKnownFileType = file.xib; path = TRCMyPharmacistInputViewController.xib; sourceTree = "<group>"; };
		3F47590A1F0BA0D500B82645 /* TRCPharmacySearchResultsViewController.xib */ = {isa = PBXFileReference; fileEncoding = 4; lastKnownFileType = file.xib; path = TRCPharmacySearchResultsViewController.xib; sourceTree = "<group>"; };
		3F47590B1F0BA0D500B82645 /* TRCPharmacySearchViewController.xib */ = {isa = PBXFileReference; fileEncoding = 4; lastKnownFileType = file.xib; path = TRCPharmacySearchViewController.xib; sourceTree = "<group>"; };
		3F47590C1F0BA0D500B82645 /* TRCUserRegistCompleteViewController.xib */ = {isa = PBXFileReference; fileEncoding = 4; lastKnownFileType = file.xib; path = TRCUserRegistCompleteViewController.xib; sourceTree = "<group>"; };
		3F4759131F0BA86C00B82645 /* TRCForgotPasswordEmailInputViewController.swift */ = {isa = PBXFileReference; fileEncoding = 4; lastKnownFileType = sourcecode.swift; path = TRCForgotPasswordEmailInputViewController.swift; sourceTree = "<group>"; };
		3F4759141F0BA86C00B82645 /* TRCForgotPasswordSentViewController.swift */ = {isa = PBXFileReference; fileEncoding = 4; lastKnownFileType = sourcecode.swift; path = TRCForgotPasswordSentViewController.swift; sourceTree = "<group>"; };
		3F4759171F0BA87500B82645 /* TRCForgotPasswordEmailInputViewController.xib */ = {isa = PBXFileReference; fileEncoding = 4; lastKnownFileType = file.xib; path = TRCForgotPasswordEmailInputViewController.xib; sourceTree = "<group>"; };
		3F4759181F0BA87500B82645 /* TRCForgotPasswordSentViewController.xib */ = {isa = PBXFileReference; fileEncoding = 4; lastKnownFileType = file.xib; path = TRCForgotPasswordSentViewController.xib; sourceTree = "<group>"; };
		3F47591B1F0C7DA100B82645 /* Image.swift */ = {isa = PBXFileReference; fileEncoding = 4; lastKnownFileType = sourcecode.swift; path = Image.swift; sourceTree = "<group>"; };
		3F4759211F0CC37B00B82645 /* TRCSettingViewController.swift */ = {isa = PBXFileReference; fileEncoding = 4; lastKnownFileType = sourcecode.swift; path = TRCSettingViewController.swift; sourceTree = "<group>"; };
		3F4759271F0CC3AD00B82645 /* TRCLogoutViewController.swift */ = {isa = PBXFileReference; fileEncoding = 4; lastKnownFileType = sourcecode.swift; path = TRCLogoutViewController.swift; sourceTree = "<group>"; };
		3F4759291F0CC3BE00B82645 /* TRCEmailChangeInputViewController.swift */ = {isa = PBXFileReference; fileEncoding = 4; lastKnownFileType = sourcecode.swift; path = TRCEmailChangeInputViewController.swift; sourceTree = "<group>"; };
		3F47592D1F0CC3CC00B82645 /* TRCLinkedServicesViewController.swift */ = {isa = PBXFileReference; fileEncoding = 4; lastKnownFileType = sourcecode.swift; path = TRCLinkedServicesViewController.swift; sourceTree = "<group>"; };
		3F4759311F0CC3DF00B82645 /* TRCEmailChangeCompleteViewController.swift */ = {isa = PBXFileReference; fileEncoding = 4; lastKnownFileType = sourcecode.swift; path = TRCEmailChangeCompleteViewController.swift; sourceTree = "<group>"; };
		3F4759351F0CC3EA00B82645 /* TRCPasswordChangeViewController.swift */ = {isa = PBXFileReference; fileEncoding = 4; lastKnownFileType = sourcecode.swift; path = TRCPasswordChangeViewController.swift; sourceTree = "<group>"; };
		3F4759391F0CC40000B82645 /* TRCPasscodeLockSettingViewController.swift */ = {isa = PBXFileReference; fileEncoding = 4; lastKnownFileType = sourcecode.swift; path = TRCPasscodeLockSettingViewController.swift; sourceTree = "<group>"; };
		3F47593D1F0CC40F00B82645 /* TRCPasscodeLockInputViewController.swift */ = {isa = PBXFileReference; fileEncoding = 4; lastKnownFileType = sourcecode.swift; path = TRCPasscodeLockInputViewController.swift; sourceTree = "<group>"; };
		3F4759411F0CC42F00B82645 /* TRCNotificationSettingViewController.swift */ = {isa = PBXFileReference; fileEncoding = 4; lastKnownFileType = sourcecode.swift; path = TRCNotificationSettingViewController.swift; sourceTree = "<group>"; };
		3F4759451F0CC44000B82645 /* TRCThemeColorSettingViewController.swift */ = {isa = PBXFileReference; fileEncoding = 4; lastKnownFileType = sourcecode.swift; path = TRCThemeColorSettingViewController.swift; sourceTree = "<group>"; };
		3F4759491F0CC45000B82645 /* TRCAboutAppViewController.swift */ = {isa = PBXFileReference; fileEncoding = 4; lastKnownFileType = sourcecode.swift; path = TRCAboutAppViewController.swift; sourceTree = "<group>"; };
		3F47594D1F0CC46000B82645 /* TRCUserLeaveViewController.swift */ = {isa = PBXFileReference; fileEncoding = 4; lastKnownFileType = sourcecode.swift; path = TRCUserLeaveViewController.swift; sourceTree = "<group>"; };
		3F4759511F0CC46E00B82645 /* TRCUserLeaveCompleteViewController.swift */ = {isa = PBXFileReference; fileEncoding = 4; lastKnownFileType = sourcecode.swift; path = TRCUserLeaveCompleteViewController.swift; sourceTree = "<group>"; };
		3F4759551F0CC50C00B82645 /* TRCAboutAppViewController.xib */ = {isa = PBXFileReference; fileEncoding = 4; lastKnownFileType = file.xib; path = TRCAboutAppViewController.xib; sourceTree = "<group>"; };
		3F4759561F0CC50C00B82645 /* TRCEmailChangeCompleteViewController.xib */ = {isa = PBXFileReference; fileEncoding = 4; lastKnownFileType = file.xib; path = TRCEmailChangeCompleteViewController.xib; sourceTree = "<group>"; };
		3F4759571F0CC50C00B82645 /* TRCEmailChangeInputViewController.xib */ = {isa = PBXFileReference; fileEncoding = 4; lastKnownFileType = file.xib; path = TRCEmailChangeInputViewController.xib; sourceTree = "<group>"; };
		3F4759581F0CC50C00B82645 /* TRCLinkedServicesViewController.xib */ = {isa = PBXFileReference; fileEncoding = 4; lastKnownFileType = file.xib; path = TRCLinkedServicesViewController.xib; sourceTree = "<group>"; };
		3F4759591F0CC50C00B82645 /* TRCNotificationSettingViewController.xib */ = {isa = PBXFileReference; fileEncoding = 4; lastKnownFileType = file.xib; path = TRCNotificationSettingViewController.xib; sourceTree = "<group>"; };
		3F47595A1F0CC50C00B82645 /* TRCPasscodeLockInputViewController.xib */ = {isa = PBXFileReference; fileEncoding = 4; lastKnownFileType = file.xib; path = TRCPasscodeLockInputViewController.xib; sourceTree = "<group>"; };
		3F47595B1F0CC50C00B82645 /* TRCPasscodeLockSettingViewController.xib */ = {isa = PBXFileReference; fileEncoding = 4; lastKnownFileType = file.xib; path = TRCPasscodeLockSettingViewController.xib; sourceTree = "<group>"; };
		3F47595C1F0CC50C00B82645 /* TRCPasswordChangeViewController.xib */ = {isa = PBXFileReference; fileEncoding = 4; lastKnownFileType = file.xib; path = TRCPasswordChangeViewController.xib; sourceTree = "<group>"; };
		3F47595D1F0CC50C00B82645 /* TRCSettingViewController.xib */ = {isa = PBXFileReference; fileEncoding = 4; lastKnownFileType = file.xib; path = TRCSettingViewController.xib; sourceTree = "<group>"; };
		3F47595E1F0CC50C00B82645 /* TRCThemeColorSettingViewController.xib */ = {isa = PBXFileReference; fileEncoding = 4; lastKnownFileType = file.xib; path = TRCThemeColorSettingViewController.xib; sourceTree = "<group>"; };
		3F47595F1F0CC50C00B82645 /* TRCUserLeaveCompleteViewController.xib */ = {isa = PBXFileReference; fileEncoding = 4; lastKnownFileType = file.xib; path = TRCUserLeaveCompleteViewController.xib; sourceTree = "<group>"; };
		3F4759601F0CC50C00B82645 /* TRCUserLeaveViewController.xib */ = {isa = PBXFileReference; fileEncoding = 4; lastKnownFileType = file.xib; path = TRCUserLeaveViewController.xib; sourceTree = "<group>"; };
		3F4759731F0DE72A00B82645 /* TRCLinkedServiceCell.swift */ = {isa = PBXFileReference; fileEncoding = 4; lastKnownFileType = sourcecode.swift; path = TRCLinkedServiceCell.swift; sourceTree = "<group>"; };
		3F4759771F0DE74400B82645 /* TRCLinkedServiceCell.xib */ = {isa = PBXFileReference; fileEncoding = 4; lastKnownFileType = file.xib; path = TRCLinkedServiceCell.xib; sourceTree = "<group>"; };
		3F475A5C1F0F9F0300B82645 /* TRCMyPageViewController.swift */ = {isa = PBXFileReference; fileEncoding = 4; lastKnownFileType = sourcecode.swift; path = TRCMyPageViewController.swift; sourceTree = "<group>"; };
		3F475A5F1F0F9F0300B82645 /* TRCMyPageViewController.xib */ = {isa = PBXFileReference; fileEncoding = 4; lastKnownFileType = file.xib; path = TRCMyPageViewController.xib; sourceTree = "<group>"; };
		3F475A631F132AC800B82645 /* Singleton.swift */ = {isa = PBXFileReference; fileEncoding = 4; lastKnownFileType = sourcecode.swift; path = Singleton.swift; sourceTree = "<group>"; };
		3F475A651F14687F00B82645 /* TRCAboutAppCell.swift */ = {isa = PBXFileReference; fileEncoding = 4; lastKnownFileType = sourcecode.swift; path = TRCAboutAppCell.swift; sourceTree = "<group>"; };
		3F475A691F14698E00B82645 /* TRCAboutAppCell.xib */ = {isa = PBXFileReference; fileEncoding = 4; lastKnownFileType = file.xib; path = TRCAboutAppCell.xib; sourceTree = "<group>"; };
		3F475A721F14B05A00B82645 /* TRCMyPageCell.swift */ = {isa = PBXFileReference; fileEncoding = 4; lastKnownFileType = sourcecode.swift; path = TRCMyPageCell.swift; sourceTree = "<group>"; };
		3F475A761F14C2A800B82645 /* TRCMyPageCell.xib */ = {isa = PBXFileReference; fileEncoding = 4; lastKnownFileType = file.xib; path = TRCMyPageCell.xib; sourceTree = "<group>"; };
		3F475A781F16155100B82645 /* TRCWalkingGoalDetailViewController.swift */ = {isa = PBXFileReference; fileEncoding = 4; lastKnownFileType = sourcecode.swift; path = TRCWalkingGoalDetailViewController.swift; sourceTree = "<group>"; };
		3F475A7C1F170ECB00B82645 /* TRCWalkingGoalDetailViewController.xib */ = {isa = PBXFileReference; fileEncoding = 4; lastKnownFileType = file.xib; path = TRCWalkingGoalDetailViewController.xib; sourceTree = "<group>"; };
		3F475A7E1F17155E00B82645 /* TRCMyPharmacyDetailViewController.swift */ = {isa = PBXFileReference; fileEncoding = 4; lastKnownFileType = sourcecode.swift; path = TRCMyPharmacyDetailViewController.swift; sourceTree = "<group>"; };
		3F475A821F17157100B82645 /* TRCMyPharmacyDetailViewController.xib */ = {isa = PBXFileReference; fileEncoding = 4; lastKnownFileType = file.xib; path = TRCMyPharmacyDetailViewController.xib; sourceTree = "<group>"; };
		3F475A841F172A2000B82645 /* TRCPointViewController.swift */ = {isa = PBXFileReference; fileEncoding = 4; lastKnownFileType = sourcecode.swift; path = TRCPointViewController.swift; sourceTree = "<group>"; };
		3F475A881F172A6600B82645 /* TRCPointViewController.xib */ = {isa = PBXFileReference; fileEncoding = 4; lastKnownFileType = file.xib; path = TRCPointViewController.xib; sourceTree = "<group>"; };
		3F475A8A1F1753E600B82645 /* TRCPointDetailViewController.swift */ = {isa = PBXFileReference; fileEncoding = 4; lastKnownFileType = sourcecode.swift; path = TRCPointDetailViewController.swift; sourceTree = "<group>"; };
		3F475A8E1F1753FD00B82645 /* TRCPointDetailCell.swift */ = {isa = PBXFileReference; fileEncoding = 4; lastKnownFileType = sourcecode.swift; path = TRCPointDetailCell.swift; sourceTree = "<group>"; };
		3F475A921F175EEA00B82645 /* TRCPointDetailCell.xib */ = {isa = PBXFileReference; fileEncoding = 4; lastKnownFileType = file.xib; path = TRCPointDetailCell.xib; sourceTree = "<group>"; };
		3F475A931F175EEA00B82645 /* TRCPointDetailViewController.xib */ = {isa = PBXFileReference; fileEncoding = 4; lastKnownFileType = file.xib; path = TRCPointDetailViewController.xib; sourceTree = "<group>"; };
		3F475A961F1763AE00B82645 /* TRCSearchResultCell.swift */ = {isa = PBXFileReference; fileEncoding = 4; lastKnownFileType = sourcecode.swift; path = TRCSearchResultCell.swift; sourceTree = "<group>"; };
		3F475AA91F176A3E00B82645 /* TRCSearchResultCell.xib */ = {isa = PBXFileReference; fileEncoding = 4; lastKnownFileType = file.xib; path = TRCSearchResultCell.xib; sourceTree = "<group>"; };
		3F57F6D91F1C618800CC079C /* TRCSearchLocationPageView.swift */ = {isa = PBXFileReference; fileEncoding = 4; lastKnownFileType = sourcecode.swift; path = TRCSearchLocationPageView.swift; sourceTree = "<group>"; };
		3F57F6DD1F1C619E00CC079C /* TRCSearchCurrentLocationPageView.swift */ = {isa = PBXFileReference; fileEncoding = 4; lastKnownFileType = sourcecode.swift; path = TRCSearchCurrentLocationPageView.swift; sourceTree = "<group>"; };
		3F57F6E21F1CC19800CC079C /* GLViewPagerViewController.swift */ = {isa = PBXFileReference; fileEncoding = 4; lastKnownFileType = sourcecode.swift; path = GLViewPagerViewController.swift; sourceTree = "<group>"; };
		3F57F6E41F1CC33A00CC079C /* TRCSearchPageViewController.swift */ = {isa = PBXFileReference; fileEncoding = 4; lastKnownFileType = sourcecode.swift; path = TRCSearchPageViewController.swift; sourceTree = "<group>"; };
		3F57F6EA1F1CD39E00CC079C /* TRCSearchCurrentLocationPageView.xib */ = {isa = PBXFileReference; fileEncoding = 4; lastKnownFileType = file.xib; path = TRCSearchCurrentLocationPageView.xib; sourceTree = "<group>"; };
		3F57F6EB1F1CD39E00CC079C /* TRCSearchLocationPageView.xib */ = {isa = PBXFileReference; fileEncoding = 4; lastKnownFileType = file.xib; path = TRCSearchLocationPageView.xib; sourceTree = "<group>"; };
		3F57F6EC1F1CD39E00CC079C /* TRCSearchPageViewController.xib */ = {isa = PBXFileReference; fileEncoding = 4; lastKnownFileType = file.xib; path = TRCSearchPageViewController.xib; sourceTree = "<group>"; };
		3F57F6F01F1DF43E00CC079C /* ToricareSwift-Bridging-Header.h */ = {isa = PBXFileReference; lastKnownFileType = sourcecode.c.h; path = "ToricareSwift-Bridging-Header.h"; sourceTree = "<group>"; };
		3F57F6F41F1F031300CC079C /* example.swift */ = {isa = PBXFileReference; fileEncoding = 4; lastKnownFileType = sourcecode.swift; path = example.swift; sourceTree = "<group>"; };
		3F57F6F61F1F032000CC079C /* example2.swift */ = {isa = PBXFileReference; fileEncoding = 4; lastKnownFileType = sourcecode.swift; path = example2.swift; sourceTree = "<group>"; };
		3F57F6F81F1F032C00CC079C /* example3.swift */ = {isa = PBXFileReference; fileEncoding = 4; lastKnownFileType = sourcecode.swift; path = example3.swift; sourceTree = "<group>"; };
		3F57F6FA1F1F034800CC079C /* example4.swift */ = {isa = PBXFileReference; fileEncoding = 4; lastKnownFileType = sourcecode.swift; path = example4.swift; sourceTree = "<group>"; };
		3F57F6FC1F1F035700CC079C /* example5.swift */ = {isa = PBXFileReference; fileEncoding = 4; lastKnownFileType = sourcecode.swift; path = example5.swift; sourceTree = "<group>"; };
		3F57F7271F21DDEA00CC079C /* TRCQRCodeViewController.swift */ = {isa = PBXFileReference; fileEncoding = 4; lastKnownFileType = sourcecode.swift; path = TRCQRCodeViewController.swift; sourceTree = "<group>"; };
		3F57F72B1F21E1E700CC079C /* TRCQRCodeViewController.xib */ = {isa = PBXFileReference; fileEncoding = 4; lastKnownFileType = file.xib; path = TRCQRCodeViewController.xib; sourceTree = "<group>"; };
		3F57F7311F25F78800CC079C /* TRCMessageListViewController.swift */ = {isa = PBXFileReference; fileEncoding = 4; lastKnownFileType = sourcecode.swift; path = TRCMessageListViewController.swift; sourceTree = "<group>"; };
		3F57F7351F25F7C100CC079C /* TRCMessageListCell.swift */ = {isa = PBXFileReference; fileEncoding = 4; lastKnownFileType = sourcecode.swift; path = TRCMessageListCell.swift; sourceTree = "<group>"; };
		3F57F7391F26DBAC00CC079C /* TRCMessageListCell.xib */ = {isa = PBXFileReference; fileEncoding = 4; lastKnownFileType = file.xib; path = TRCMessageListCell.xib; sourceTree = "<group>"; };
		3F57F73A1F26DBAC00CC079C /* TRCMessageListViewController.xib */ = {isa = PBXFileReference; fileEncoding = 4; lastKnownFileType = file.xib; path = TRCMessageListViewController.xib; sourceTree = "<group>"; };
		3FB4111A1EFB607C008720A6 /* ToricareSwift.app */ = {isa = PBXFileReference; explicitFileType = wrapper.application; includeInIndex = 0; path = ToricareSwift.app; sourceTree = BUILT_PRODUCTS_DIR; };
		3FB411301EFB6221008720A6 /* AppDelegate.swift */ = {isa = PBXFileReference; fileEncoding = 4; lastKnownFileType = sourcecode.swift; path = AppDelegate.swift; sourceTree = "<group>"; };
		3FB411391EFB6221008720A6 /* Assets.xcassets */ = {isa = PBXFileReference; lastKnownFileType = folder.assetcatalog; path = Assets.xcassets; sourceTree = "<group>"; };
		3FB4113B1EFB6221008720A6 /* Info.plist */ = {isa = PBXFileReference; fileEncoding = 4; lastKnownFileType = text.plist.xml; path = Info.plist; sourceTree = "<group>"; };
		3FB4113C1EFB6221008720A6 /* LaunchScreen.storyboard */ = {isa = PBXFileReference; fileEncoding = 4; lastKnownFileType = file.storyboard; path = LaunchScreen.storyboard; sourceTree = "<group>"; };
		3FB4114B1EFB7C98008720A6 /* TRCBaseViewController.swift */ = {isa = PBXFileReference; fileEncoding = 4; lastKnownFileType = sourcecode.swift; path = TRCBaseViewController.swift; sourceTree = "<group>"; };
		3FB4114D1EFB7CA7008720A6 /* TRCLoginViewController.swift */ = {isa = PBXFileReference; fileEncoding = 4; lastKnownFileType = sourcecode.swift; path = TRCLoginViewController.swift; sourceTree = "<group>"; };
		3FB411511EFB7CC0008720A6 /* TRCLoginViewController.xib */ = {isa = PBXFileReference; fileEncoding = 4; lastKnownFileType = file.xib; path = TRCLoginViewController.xib; sourceTree = "<group>"; };
		3FB411551EFB9DD2008720A6 /* HexColor.swift */ = {isa = PBXFileReference; fileEncoding = 4; lastKnownFileType = sourcecode.swift; path = HexColor.swift; sourceTree = "<group>"; };
		3FB411671EFBBA11008720A6 /* TRCConfigConstant.swift */ = {isa = PBXFileReference; fileEncoding = 4; lastKnownFileType = sourcecode.swift; path = TRCConfigConstant.swift; sourceTree = "<group>"; };
		3FB411691EFBBAC2008720A6 /* TRCStringConstant.swift */ = {isa = PBXFileReference; fileEncoding = 4; lastKnownFileType = sourcecode.swift; path = TRCStringConstant.swift; sourceTree = "<group>"; };
		3FB4116B1EFBBEF6008720A6 /* Alert.swift */ = {isa = PBXFileReference; fileEncoding = 4; lastKnownFileType = sourcecode.swift; path = Alert.swift; sourceTree = "<group>"; };
		3FB4116E1EFCF09C008720A6 /* TRCLoginAPIController.swift */ = {isa = PBXFileReference; fileEncoding = 4; lastKnownFileType = sourcecode.swift; path = TRCLoginAPIController.swift; sourceTree = "<group>"; };
		3FB411721EFD0DDA008720A6 /* TRCBaseAPIController.swift */ = {isa = PBXFileReference; fileEncoding = 4; lastKnownFileType = sourcecode.swift; path = TRCBaseAPIController.swift; sourceTree = "<group>"; };
		3FB411761F00988A008720A6 /* TRCAPIKeyContant.swift */ = {isa = PBXFileReference; fileEncoding = 4; lastKnownFileType = sourcecode.swift; path = TRCAPIKeyContant.swift; sourceTree = "<group>"; };
		3FB411781F00B05A008720A6 /* Connectivity.swift */ = {isa = PBXFileReference; fileEncoding = 4; lastKnownFileType = sourcecode.swift; path = Connectivity.swift; sourceTree = "<group>"; };
		3FB4118D1F0122D0008720A6 /* UserDefaults.swift */ = {isa = PBXFileReference; fileEncoding = 4; lastKnownFileType = sourcecode.swift; path = UserDefaults.swift; sourceTree = "<group>"; };
		3FB4118F1F04F884008720A6 /* Button.swift */ = {isa = PBXFileReference; fileEncoding = 4; lastKnownFileType = sourcecode.swift; path = Button.swift; sourceTree = "<group>"; };
		3FB411911F05F7B9008720A6 /* Label.swift */ = {isa = PBXFileReference; fileEncoding = 4; lastKnownFileType = sourcecode.swift; path = Label.swift; sourceTree = "<group>"; };
		3FB411951F05F988008720A6 /* TRCHomeViewController.swift */ = {isa = PBXFileReference; fileEncoding = 4; lastKnownFileType = sourcecode.swift; path = TRCHomeViewController.swift; sourceTree = "<group>"; };
		3FB411981F05F988008720A6 /* TRCHomeViewController.xib */ = {isa = PBXFileReference; fileEncoding = 4; lastKnownFileType = file.xib; path = TRCHomeViewController.xib; sourceTree = "<group>"; };
		3FB4119B1F05FB8B008720A6 /* Textfield.swift */ = {isa = PBXFileReference; fileEncoding = 4; lastKnownFileType = sourcecode.swift; path = Textfield.swift; sourceTree = "<group>"; };
		3FB4119D1F063819008720A6 /* View.swift */ = {isa = PBXFileReference; fileEncoding = 4; lastKnownFileType = sourcecode.swift; path = View.swift; sourceTree = "<group>"; };
		3FB411A11F09E13E008720A6 /* TRCPreLoginViewController.swift */ = {isa = PBXFileReference; fileEncoding = 4; lastKnownFileType = sourcecode.swift; path = TRCPreLoginViewController.swift; sourceTree = "<group>"; };
		3FB411A41F09E13E008720A6 /* TRCPreLoginViewController.xib */ = {isa = PBXFileReference; fileEncoding = 4; lastKnownFileType = file.xib; path = TRCPreLoginViewController.xib; sourceTree = "<group>"; };
		3FB411AB1F09F2AA008720A6 /* TRCRegisterViewController.swift */ = {isa = PBXFileReference; fileEncoding = 4; lastKnownFileType = sourcecode.swift; path = TRCRegisterViewController.swift; sourceTree = "<group>"; };
		3FB411AF1F09F2C2008720A6 /* TRCRegisterViewController.xib */ = {isa = PBXFileReference; fileEncoding = 4; lastKnownFileType = file.xib; path = TRCRegisterViewController.xib; sourceTree = "<group>"; };
		9BA8D2920B3EE77AA5D9A04B /* Pods-ToricareSwift.debug.xcconfig */ = {isa = PBXFileReference; includeInIndex = 1; lastKnownFileType = text.xcconfig; name = "Pods-ToricareSwift.debug.xcconfig"; path = "Pods/Target Support Files/Pods-ToricareSwift/Pods-ToricareSwift.debug.xcconfig"; sourceTree = "<group>"; };
		B0F2E964DF771890668F717B /* Pods-ToricareSwift.release.xcconfig */ = {isa = PBXFileReference; includeInIndex = 1; lastKnownFileType = text.xcconfig; name = "Pods-ToricareSwift.release.xcconfig"; path = "Pods/Target Support Files/Pods-ToricareSwift/Pods-ToricareSwift.release.xcconfig"; sourceTree = "<group>"; };
		B6768D856B942112EB83DFE3 /* Pods_ToricareSwift.framework */ = {isa = PBXFileReference; explicitFileType = wrapper.framework; includeInIndex = 0; path = Pods_ToricareSwift.framework; sourceTree = BUILT_PRODUCTS_DIR; };
		C00CF8F01F17284800B6A5A5 /* ja */ = {isa = PBXFileReference; lastKnownFileType = text.plist.strings; name = ja; path = ja.lproj/Localizable.strings; sourceTree = "<group>"; };
		C00CF8F21F17285400B6A5A5 /* en */ = {isa = PBXFileReference; lastKnownFileType = text.plist.strings; name = en; path = en.lproj/Localizable.strings; sourceTree = "<group>"; };
		C05B9ABE1F1F03A30069B903 /* TRCPharmacyObject.swift */ = {isa = PBXFileReference; fileEncoding = 4; lastKnownFileType = sourcecode.swift; path = TRCPharmacyObject.swift; sourceTree = "<group>"; };
/* End PBXFileReference section */

/* Begin PBXFrameworksBuildPhase section */
		3FB411171EFB607C008720A6 /* Frameworks */ = {
			isa = PBXFrameworksBuildPhase;
			buildActionMask = 2147483647;
			files = (
				57C6E70B6D71631356703859 /* Pods_ToricareSwift.framework in Frameworks */,
			);
			runOnlyForDeploymentPostprocessing = 0;
		};
/* End PBXFrameworksBuildPhase section */

/* Begin PBXGroup section */
		3F47591D1F0CC0F400B82645 /* Settings */ = {
			isa = PBXGroup;
			children = (
				3F47591E1F0CC0F400B82645 /* Controller */,
				3F47591F1F0CC0F400B82645 /* Model */,
				3F4759201F0CC0F400B82645 /* View */,
			);
			path = Settings;
			sourceTree = "<group>";
		};
		3F47591E1F0CC0F400B82645 /* Controller */ = {
			isa = PBXGroup;
			children = (
				3F4759211F0CC37B00B82645 /* TRCSettingViewController.swift */,
				3F4759291F0CC3BE00B82645 /* TRCEmailChangeInputViewController.swift */,
				3F4759311F0CC3DF00B82645 /* TRCEmailChangeCompleteViewController.swift */,
				3F4759351F0CC3EA00B82645 /* TRCPasswordChangeViewController.swift */,
				3F47592D1F0CC3CC00B82645 /* TRCLinkedServicesViewController.swift */,
				3F4759411F0CC42F00B82645 /* TRCNotificationSettingViewController.swift */,
				3F4759391F0CC40000B82645 /* TRCPasscodeLockSettingViewController.swift */,
				3F47593D1F0CC40F00B82645 /* TRCPasscodeLockInputViewController.swift */,
				3F4759451F0CC44000B82645 /* TRCThemeColorSettingViewController.swift */,
				3F4759491F0CC45000B82645 /* TRCAboutAppViewController.swift */,
				3F47594D1F0CC46000B82645 /* TRCUserLeaveViewController.swift */,
				3F4759511F0CC46E00B82645 /* TRCUserLeaveCompleteViewController.swift */,
				3F4759271F0CC3AD00B82645 /* TRCLogoutViewController.swift */,
				3F4759731F0DE72A00B82645 /* TRCLinkedServiceCell.swift */,
				3F475A651F14687F00B82645 /* TRCAboutAppCell.swift */,
			);
			path = Controller;
			sourceTree = "<group>";
		};
		3F47591F1F0CC0F400B82645 /* Model */ = {
			isa = PBXGroup;
			children = (
				3F57F6FC1F1F035700CC079C /* example5.swift */,
			);
			path = Model;
			sourceTree = "<group>";
		};
		3F4759201F0CC0F400B82645 /* View */ = {
			isa = PBXGroup;
			children = (
				3F47595D1F0CC50C00B82645 /* TRCSettingViewController.xib */,
				3F4759571F0CC50C00B82645 /* TRCEmailChangeInputViewController.xib */,
				3F4759561F0CC50C00B82645 /* TRCEmailChangeCompleteViewController.xib */,
				3F47595C1F0CC50C00B82645 /* TRCPasswordChangeViewController.xib */,
				3F4759581F0CC50C00B82645 /* TRCLinkedServicesViewController.xib */,
				3F4759591F0CC50C00B82645 /* TRCNotificationSettingViewController.xib */,
				3F47595B1F0CC50C00B82645 /* TRCPasscodeLockSettingViewController.xib */,
				3F47595A1F0CC50C00B82645 /* TRCPasscodeLockInputViewController.xib */,
				3F47595E1F0CC50C00B82645 /* TRCThemeColorSettingViewController.xib */,
				3F4759551F0CC50C00B82645 /* TRCAboutAppViewController.xib */,
				3F4759601F0CC50C00B82645 /* TRCUserLeaveViewController.xib */,
				3F47595F1F0CC50C00B82645 /* TRCUserLeaveCompleteViewController.xib */,
				3F4759771F0DE74400B82645 /* TRCLinkedServiceCell.xib */,
				3F475A691F14698E00B82645 /* TRCAboutAppCell.xib */,
			);
			path = View;
			sourceTree = "<group>";
		};
		3F475A5A1F0F9F0300B82645 /* MyPage */ = {
			isa = PBXGroup;
			children = (
				3F475A5B1F0F9F0300B82645 /* Controller */,
				3F475A5D1F0F9F0300B82645 /* Model */,
				3F475A5E1F0F9F0300B82645 /* View */,
			);
			path = MyPage;
			sourceTree = "<group>";
		};
		3F475A5B1F0F9F0300B82645 /* Controller */ = {
			isa = PBXGroup;
			children = (
				3F475A5C1F0F9F0300B82645 /* TRCMyPageViewController.swift */,
				3F475A7E1F17155E00B82645 /* TRCMyPharmacyDetailViewController.swift */,
				3F475A781F16155100B82645 /* TRCWalkingGoalDetailViewController.swift */,
				3F475A841F172A2000B82645 /* TRCPointViewController.swift */,
				3F475A8A1F1753E600B82645 /* TRCPointDetailViewController.swift */,
				3F475A721F14B05A00B82645 /* TRCMyPageCell.swift */,
				3F475A8E1F1753FD00B82645 /* TRCPointDetailCell.swift */,
			);
			path = Controller;
			sourceTree = "<group>";
		};
		3F475A5D1F0F9F0300B82645 /* Model */ = {
			isa = PBXGroup;
			children = (
				3F57F6F81F1F032C00CC079C /* example3.swift */,
			);
			path = Model;
			sourceTree = "<group>";
		};
		3F475A5E1F0F9F0300B82645 /* View */ = {
			isa = PBXGroup;
			children = (
				3F475A5F1F0F9F0300B82645 /* TRCMyPageViewController.xib */,
				3F475A821F17157100B82645 /* TRCMyPharmacyDetailViewController.xib */,
				3F475A7C1F170ECB00B82645 /* TRCWalkingGoalDetailViewController.xib */,
				3F475A881F172A6600B82645 /* TRCPointViewController.xib */,
				3F475A931F175EEA00B82645 /* TRCPointDetailViewController.xib */,
				3F475A761F14C2A800B82645 /* TRCMyPageCell.xib */,
				3F475A921F175EEA00B82645 /* TRCPointDetailCell.xib */,
			);
			path = View;
			sourceTree = "<group>";
		};
		3F475A621F132AC800B82645 /* Singleton */ = {
			isa = PBXGroup;
			children = (
				3F475A631F132AC800B82645 /* Singleton.swift */,
			);
			path = Singleton;
			sourceTree = "<group>";
		};
		3F57F6E11F1CC19800CC079C /* GLPageViewController */ = {
			isa = PBXGroup;
			children = (
				3F57F6E21F1CC19800CC079C /* GLViewPagerViewController.swift */,
			);
			path = GLPageViewController;
			sourceTree = "<group>";
		};
		3FB411111EFB607C008720A6 = {
			isa = PBXGroup;
			children = (
				3FB4111C1EFB607C008720A6 /* ToricareSwift */,
				3FB4111B1EFB607C008720A6 /* Products */,
				CF69D650093D323D935D7033 /* Pods */,
				D25007C60A0A6E546FF58934 /* Frameworks */,
			);
			sourceTree = "<group>";
		};
		3FB4111B1EFB607C008720A6 /* Products */ = {
			isa = PBXGroup;
			children = (
				3FB4111A1EFB607C008720A6 /* ToricareSwift.app */,
			);
			name = Products;
			sourceTree = "<group>";
		};
		3FB4111C1EFB607C008720A6 /* ToricareSwift */ = {
			isa = PBXGroup;
			children = (
				3FB4112F1EFB6221008720A6 /* AppDelegate */,
				3FB411311EFB6221008720A6 /* Global */,
				3FB4113D1EFB6221008720A6 /* ViewController */,
				3FB411381EFB6221008720A6 /* Resource */,
				3FB411361EFB6221008720A6 /* Libraries */,
				3FB4113A1EFB6221008720A6 /* Supporting File */,
			);
			path = ToricareSwift;
			sourceTree = "<group>";
		};
		3FB4112F1EFB6221008720A6 /* AppDelegate */ = {
			isa = PBXGroup;
			children = (
				3FB411301EFB6221008720A6 /* AppDelegate.swift */,
			);
			path = AppDelegate;
			sourceTree = "<group>";
		};
		3FB411311EFB6221008720A6 /* Global */ = {
			isa = PBXGroup;
			children = (
				3F475A621F132AC800B82645 /* Singleton */,
				3FB411341EFB6221008720A6 /* ServerAdapter */,
				3FB411331EFB6221008720A6 /* Extensions */,
				3FB411321EFB6221008720A6 /* Contant */,
			);
			path = Global;
			sourceTree = "<group>";
		};
		3FB411321EFB6221008720A6 /* Contant */ = {
			isa = PBXGroup;
			children = (
				3FB411671EFBBA11008720A6 /* TRCConfigConstant.swift */,
				3FB411691EFBBAC2008720A6 /* TRCStringConstant.swift */,
				3FB411761F00988A008720A6 /* TRCAPIKeyContant.swift */,
			);
			path = Contant;
			sourceTree = "<group>";
		};
		3FB411331EFB6221008720A6 /* Extensions */ = {
			isa = PBXGroup;
			children = (
				3FB411551EFB9DD2008720A6 /* HexColor.swift */,
				3FB4116B1EFBBEF6008720A6 /* Alert.swift */,
				3FB411781F00B05A008720A6 /* Connectivity.swift */,
				3FB4118D1F0122D0008720A6 /* UserDefaults.swift */,
				3FB4118F1F04F884008720A6 /* Button.swift */,
				3FB411911F05F7B9008720A6 /* Label.swift */,
				3FB4119B1F05FB8B008720A6 /* Textfield.swift */,
				3FB4119D1F063819008720A6 /* View.swift */,
				3F47591B1F0C7DA100B82645 /* Image.swift */,
			);
			path = Extensions;
			sourceTree = "<group>";
		};
		3FB411341EFB6221008720A6 /* ServerAdapter */ = {
			isa = PBXGroup;
			children = (
				3FB4116E1EFCF09C008720A6 /* TRCLoginAPIController.swift */,
				3FB411721EFD0DDA008720A6 /* TRCBaseAPIController.swift */,
			);
			path = ServerAdapter;
			sourceTree = "<group>";
		};
		3FB411361EFB6221008720A6 /* Libraries */ = {
			isa = PBXGroup;
			children = (
				3F57F6E11F1CC19800CC079C /* GLPageViewController */,
			);
			path = Libraries;
			sourceTree = "<group>";
		};
		3FB411381EFB6221008720A6 /* Resource */ = {
			isa = PBXGroup;
			children = (
				3FB411391EFB6221008720A6 /* Assets.xcassets */,
			);
			path = Resource;
			sourceTree = "<group>";
		};
		3FB4113A1EFB6221008720A6 /* Supporting File */ = {
			isa = PBXGroup;
			children = (
				3FB4113B1EFB6221008720A6 /* Info.plist */,
				3FB4113C1EFB6221008720A6 /* LaunchScreen.storyboard */,
				C00CF8F11F17284800B6A5A5 /* Localizable.strings */,
				3F57F6F01F1DF43E00CC079C /* ToricareSwift-Bridging-Header.h */,
			);
			path = "Supporting File";
			sourceTree = "<group>";
		};
		3FB4113D1EFB6221008720A6 /* ViewController */ = {
			isa = PBXGroup;
			children = (
				3FB4113E1EFB6221008720A6 /* BaseViewController */,
				3FB4119F1F09E13E008720A6 /* PreLogin */,
				3FB411A71F09F0FA008720A6 /* Register */,
				3FB4113F1EFB6221008720A6 /* Login */,
				3FB411931F05F988008720A6 /* Home */,
				3F475A5A1F0F9F0300B82645 /* MyPage */,
				3F47591D1F0CC0F400B82645 /* Settings */,
			);
			path = ViewController;
			sourceTree = "<group>";
		};
		3FB4113E1EFB6221008720A6 /* BaseViewController */ = {
			isa = PBXGroup;
			children = (
				3FB4114B1EFB7C98008720A6 /* TRCBaseViewController.swift */,
			);
			path = BaseViewController;
			sourceTree = "<group>";
		};
		3FB4113F1EFB6221008720A6 /* Login */ = {
			isa = PBXGroup;
			children = (
				3FB411401EFB6221008720A6 /* Controller */,
				3FB411411EFB6221008720A6 /* Model */,
				3FB411421EFB6221008720A6 /* View */,
			);
			path = Login;
			sourceTree = "<group>";
		};
		3FB411401EFB6221008720A6 /* Controller */ = {
			isa = PBXGroup;
			children = (
				3FB4114D1EFB7CA7008720A6 /* TRCLoginViewController.swift */,
				3F4759131F0BA86C00B82645 /* TRCForgotPasswordEmailInputViewController.swift */,
				3F4759141F0BA86C00B82645 /* TRCForgotPasswordSentViewController.swift */,
			);
			path = Controller;
			sourceTree = "<group>";
		};
		3FB411411EFB6221008720A6 /* Model */ = {
			isa = PBXGroup;
			children = (
				3F57F6F61F1F032000CC079C /* example2.swift */,
			);
			path = Model;
			sourceTree = "<group>";
		};
		3FB411421EFB6221008720A6 /* View */ = {
			isa = PBXGroup;
			children = (
				3FB411511EFB7CC0008720A6 /* TRCLoginViewController.xib */,
				3F4759171F0BA87500B82645 /* TRCForgotPasswordEmailInputViewController.xib */,
				3F4759181F0BA87500B82645 /* TRCForgotPasswordSentViewController.xib */,
			);
			path = View;
			sourceTree = "<group>";
		};
		3FB411931F05F988008720A6 /* Home */ = {
			isa = PBXGroup;
			children = (
				3FB411941F05F988008720A6 /* Controller */,
				3FB411961F05F988008720A6 /* Model */,
				3FB411971F05F988008720A6 /* View */,
			);
			path = Home;
			sourceTree = "<group>";
		};
		3FB411941F05F988008720A6 /* Controller */ = {
			isa = PBXGroup;
			children = (
				3FB411951F05F988008720A6 /* TRCHomeViewController.swift */,
				3F57F7311F25F78800CC079C /* TRCMessageListViewController.swift */,
				3F57F7351F25F7C100CC079C /* TRCMessageListCell.swift */,
			);
			path = Controller;
			sourceTree = "<group>";
		};
		3FB411961F05F988008720A6 /* Model */ = {
			isa = PBXGroup;
			children = (
				3F57F6FA1F1F034800CC079C /* example4.swift */,
			);
			path = Model;
			sourceTree = "<group>";
		};
		3FB411971F05F988008720A6 /* View */ = {
			isa = PBXGroup;
			children = (
				3FB411981F05F988008720A6 /* TRCHomeViewController.xib */,
				3F57F73A1F26DBAC00CC079C /* TRCMessageListViewController.xib */,
				3F57F7391F26DBAC00CC079C /* TRCMessageListCell.xib */,
			);
			path = View;
			sourceTree = "<group>";
		};
		3FB4119F1F09E13E008720A6 /* PreLogin */ = {
			isa = PBXGroup;
			children = (
				3FB411A01F09E13E008720A6 /* Controller */,
				3FB411A31F09E13E008720A6 /* View */,
			);
			path = PreLogin;
			sourceTree = "<group>";
		};
		3FB411A01F09E13E008720A6 /* Controller */ = {
			isa = PBXGroup;
			children = (
				3FB411A11F09E13E008720A6 /* TRCPreLoginViewController.swift */,
			);
			path = Controller;
			sourceTree = "<group>";
		};
		3FB411A31F09E13E008720A6 /* View */ = {
			isa = PBXGroup;
			children = (
				3FB411A41F09E13E008720A6 /* TRCPreLoginViewController.xib */,
			);
			path = View;
			sourceTree = "<group>";
		};
		3FB411A71F09F0FA008720A6 /* Register */ = {
			isa = PBXGroup;
			children = (
				3FB411A81F09F0FA008720A6 /* Controller */,
				3FB411A91F09F0FA008720A6 /* Model */,
				3FB411AA1F09F0FA008720A6 /* View */,
			);
			path = Register;
			sourceTree = "<group>";
		};
		3FB411A81F09F0FA008720A6 /* Controller */ = {
			isa = PBXGroup;
			children = (
				3FB411AB1F09F2AA008720A6 /* TRCRegisterViewController.swift */,
				3F4758EF1F0BA02400B82645 /* TRCAccountInfoInputViewController.swift */,
				3F4758FB1F0BA08100B82645 /* TRCPharmacySearchViewController.swift */,
				3F57F6E41F1CC33A00CC079C /* TRCSearchPageViewController.swift */,
				3F57F6D91F1C618800CC079C /* TRCSearchLocationPageView.swift */,
				3F57F6DD1F1C619E00CC079C /* TRCSearchCurrentLocationPageView.swift */,
				3F4758F31F0BA03F00B82645 /* TRCPharmacySearchResultsViewController.swift */,
				3F4758F71F0BA05F00B82645 /* TRCMyPharmacistInputViewController.swift */,
				3F4759031F0BA0A700B82645 /* TRCUserRegistCompleteViewController.swift */,
				3F57F7271F21DDEA00CC079C /* TRCQRCodeViewController.swift */,
				3F475A961F1763AE00B82645 /* TRCSearchResultCell.swift */,
			);
			path = Controller;
			sourceTree = "<group>";
		};
		3FB411A91F09F0FA008720A6 /* Model */ = {
			isa = PBXGroup;
			children = (
				3F57F6F41F1F031300CC079C /* example.swift */,
				C05B9ABE1F1F03A30069B903 /* TRCPharmacyObject.swift */,
			);
			path = Model;
			sourceTree = "<group>";
		};
		3FB411AA1F09F0FA008720A6 /* View */ = {
			isa = PBXGroup;
			children = (
				3FB411AF1F09F2C2008720A6 /* TRCRegisterViewController.xib */,
				3F4759071F0BA0D500B82645 /* TRCAccountInfoInputViewController.xib */,
				3F47590B1F0BA0D500B82645 /* TRCPharmacySearchViewController.xib */,
				3F57F6EC1F1CD39E00CC079C /* TRCSearchPageViewController.xib */,
				3F57F6EB1F1CD39E00CC079C /* TRCSearchLocationPageView.xib */,
				3F57F6EA1F1CD39E00CC079C /* TRCSearchCurrentLocationPageView.xib */,
				3F47590A1F0BA0D500B82645 /* TRCPharmacySearchResultsViewController.xib */,
				3F4759081F0BA0D500B82645 /* TRCMyPharmacistInputViewController.xib */,
				3F47590C1F0BA0D500B82645 /* TRCUserRegistCompleteViewController.xib */,
				3F57F72B1F21E1E700CC079C /* TRCQRCodeViewController.xib */,
				3F475AA91F176A3E00B82645 /* TRCSearchResultCell.xib */,
			);
			path = View;
			sourceTree = "<group>";
		};
		CF69D650093D323D935D7033 /* Pods */ = {
			isa = PBXGroup;
			children = (
				9BA8D2920B3EE77AA5D9A04B /* Pods-ToricareSwift.debug.xcconfig */,
				B0F2E964DF771890668F717B /* Pods-ToricareSwift.release.xcconfig */,
			);
			name = Pods;
			sourceTree = "<group>";
		};
		D25007C60A0A6E546FF58934 /* Frameworks */ = {
			isa = PBXGroup;
			children = (
				B6768D856B942112EB83DFE3 /* Pods_ToricareSwift.framework */,
			);
			name = Frameworks;
			sourceTree = "<group>";
		};
/* End PBXGroup section */

/* Begin PBXNativeTarget section */
		3FB411191EFB607C008720A6 /* ToricareSwift */ = {
			isa = PBXNativeTarget;
			buildConfigurationList = 3FB4112C1EFB607C008720A6 /* Build configuration list for PBXNativeTarget "ToricareSwift" */;
			buildPhases = (
				6A2107F5070C7CCD9CB2DA81 /* [CP] Check Pods Manifest.lock */,
				3FB411161EFB607C008720A6 /* Sources */,
				3FB411171EFB607C008720A6 /* Frameworks */,
				3FB411181EFB607C008720A6 /* Resources */,
				FB3EFF389B510BFCF22A9457 /* [CP] Embed Pods Frameworks */,
				E1D2EB92650EF551FFE5E954 /* [CP] Copy Pods Resources */,
			);
			buildRules = (
			);
			dependencies = (
			);
			name = ToricareSwift;
			productName = ToricareSwift;
			productReference = 3FB4111A1EFB607C008720A6 /* ToricareSwift.app */;
			productType = "com.apple.product-type.application";
		};
/* End PBXNativeTarget section */

/* Begin PBXProject section */
		3FB411121EFB607C008720A6 /* Project object */ = {
			isa = PBXProject;
			attributes = {
				CLASSPREFIX = TRC;
				LastSwiftUpdateCheck = 0830;
				LastUpgradeCheck = 0830;
				ORGANIZATIONNAME = "Mèo Béo";
				TargetAttributes = {
					3FB411191EFB607C008720A6 = {
						CreatedOnToolsVersion = 8.3.3;
						DevelopmentTeam = 2L8CWRYK58;
						LastSwiftMigration = 0830;
						ProvisioningStyle = Automatic;
					};
				};
			};
			buildConfigurationList = 3FB411151EFB607C008720A6 /* Build configuration list for PBXProject "ToricareSwift" */;
			compatibilityVersion = "Xcode 3.2";
			developmentRegion = Japanese;
			hasScannedForEncodings = 0;
			knownRegions = (
				en,
				ja,
				Base,
			);
			mainGroup = 3FB411111EFB607C008720A6;
			productRefGroup = 3FB4111B1EFB607C008720A6 /* Products */;
			projectDirPath = "";
			projectRoot = "";
			targets = (
				3FB411191EFB607C008720A6 /* ToricareSwift */,
			);
		};
/* End PBXProject section */

/* Begin PBXResourcesBuildPhase section */
		3FB411181EFB607C008720A6 /* Resources */ = {
			isa = PBXResourcesBuildPhase;
			buildActionMask = 2147483647;
			files = (
				3F475A951F175EEA00B82645 /* TRCPointDetailViewController.xib in Resources */,
				3F57F73B1F26DBAC00CC079C /* TRCMessageListCell.xib in Resources */,
				3FB411A61F09E13E008720A6 /* TRCPreLoginViewController.xib in Resources */,
				3F475A7D1F170ECB00B82645 /* TRCWalkingGoalDetailViewController.xib in Resources */,
				3F4759611F0CC50C00B82645 /* TRCAboutAppViewController.xib in Resources */,
				3F475A831F17157100B82645 /* TRCMyPharmacyDetailViewController.xib in Resources */,
				3F4759691F0CC50C00B82645 /* TRCSettingViewController.xib in Resources */,
				3FB411B01F09F2C2008720A6 /* TRCRegisterViewController.xib in Resources */,
				3F57F72C1F21E1E700CC079C /* TRCQRCodeViewController.xib in Resources */,
				3F475A891F172A6600B82645 /* TRCPointViewController.xib in Resources */,
				3F4759671F0CC50C00B82645 /* TRCPasscodeLockSettingViewController.xib in Resources */,
				3F4759781F0DE74400B82645 /* TRCLinkedServiceCell.xib in Resources */,
				3F57F6ED1F1CD39E00CC079C /* TRCSearchCurrentLocationPageView.xib in Resources */,
				3F47596C1F0CC50C00B82645 /* TRCUserLeaveViewController.xib in Resources */,
				3F57F6EE1F1CD39E00CC079C /* TRCSearchLocationPageView.xib in Resources */,
				3F47596A1F0CC50C00B82645 /* TRCThemeColorSettingViewController.xib in Resources */,
				3F475A611F0F9F0300B82645 /* TRCMyPageViewController.xib in Resources */,
				3F475A941F175EEA00B82645 /* TRCPointDetailCell.xib in Resources */,
				3F4759101F0BA0D500B82645 /* TRCPharmacySearchResultsViewController.xib in Resources */,
				3F4759621F0CC50C00B82645 /* TRCEmailChangeCompleteViewController.xib in Resources */,
				3F57F73C1F26DBAC00CC079C /* TRCMessageListViewController.xib in Resources */,
				C00CF8EF1F17284800B6A5A5 /* Localizable.strings in Resources */,
				3F4759641F0CC50C00B82645 /* TRCLinkedServicesViewController.xib in Resources */,
				3F4759631F0CC50C00B82645 /* TRCEmailChangeInputViewController.xib in Resources */,
				3F4759111F0BA0D500B82645 /* TRCPharmacySearchViewController.xib in Resources */,
				3F475A6A1F14698E00B82645 /* TRCAboutAppCell.xib in Resources */,
				3F4759661F0CC50C00B82645 /* TRCPasscodeLockInputViewController.xib in Resources */,
				3F4759121F0BA0D500B82645 /* TRCUserRegistCompleteViewController.xib in Resources */,
				3F4759681F0CC50C00B82645 /* TRCPasswordChangeViewController.xib in Resources */,
				3F4759651F0CC50C00B82645 /* TRCNotificationSettingViewController.xib in Resources */,
				3F4759191F0BA87500B82645 /* TRCForgotPasswordEmailInputViewController.xib in Resources */,
				3FB411521EFB7CC0008720A6 /* TRCLoginViewController.xib in Resources */,
				3F475A771F14C2A800B82645 /* TRCMyPageCell.xib in Resources */,
				3F47596B1F0CC50C00B82645 /* TRCUserLeaveCompleteViewController.xib in Resources */,
				3F47590D1F0BA0D500B82645 /* TRCAccountInfoInputViewController.xib in Resources */,
				3FB4114A1EFB7C17008720A6 /* Info.plist in Resources */,
				3FB411461EFB6221008720A6 /* Assets.xcassets in Resources */,
				3F47591A1F0BA87500B82645 /* TRCForgotPasswordSentViewController.xib in Resources */,
				3F57F6EF1F1CD39E00CC079C /* TRCSearchPageViewController.xib in Resources */,
				3F47590E1F0BA0D500B82645 /* TRCMyPharmacistInputViewController.xib in Resources */,
				3FB411481EFB6221008720A6 /* LaunchScreen.storyboard in Resources */,
				3F475AAA1F176A3E00B82645 /* TRCSearchResultCell.xib in Resources */,
				3FB4119A1F05F988008720A6 /* TRCHomeViewController.xib in Resources */,
			);
			runOnlyForDeploymentPostprocessing = 0;
		};
/* End PBXResourcesBuildPhase section */

/* Begin PBXShellScriptBuildPhase section */
		6A2107F5070C7CCD9CB2DA81 /* [CP] Check Pods Manifest.lock */ = {
			isa = PBXShellScriptBuildPhase;
			buildActionMask = 2147483647;
			files = (
			);
			inputPaths = (
			);
			name = "[CP] Check Pods Manifest.lock";
			outputPaths = (
			);
			runOnlyForDeploymentPostprocessing = 0;
			shellPath = /bin/sh;
			shellScript = "diff \"${PODS_ROOT}/../Podfile.lock\" \"${PODS_ROOT}/Manifest.lock\" > /dev/null\nif [ $? != 0 ] ; then\n    # print error to STDERR\n    echo \"error: The sandbox is not in sync with the Podfile.lock. Run 'pod install' or update your CocoaPods installation.\" >&2\n    exit 1\nfi\n";
			showEnvVarsInLog = 0;
		};
		E1D2EB92650EF551FFE5E954 /* [CP] Copy Pods Resources */ = {
			isa = PBXShellScriptBuildPhase;
			buildActionMask = 2147483647;
			files = (
			);
			inputPaths = (
			);
			name = "[CP] Copy Pods Resources";
			outputPaths = (
			);
			runOnlyForDeploymentPostprocessing = 0;
			shellPath = /bin/sh;
			shellScript = "\"${SRCROOT}/Pods/Target Support Files/Pods-ToricareSwift/Pods-ToricareSwift-resources.sh\"\n";
			showEnvVarsInLog = 0;
		};
		FB3EFF389B510BFCF22A9457 /* [CP] Embed Pods Frameworks */ = {
			isa = PBXShellScriptBuildPhase;
			buildActionMask = 2147483647;
			files = (
			);
			inputPaths = (
			);
			name = "[CP] Embed Pods Frameworks";
			outputPaths = (
			);
			runOnlyForDeploymentPostprocessing = 0;
			shellPath = /bin/sh;
			shellScript = "\"${SRCROOT}/Pods/Target Support Files/Pods-ToricareSwift/Pods-ToricareSwift-frameworks.sh\"\n";
			showEnvVarsInLog = 0;
		};
/* End PBXShellScriptBuildPhase section */

/* Begin PBXSourcesBuildPhase section */
		3FB411161EFB607C008720A6 /* Sources */ = {
			isa = PBXSourcesBuildPhase;
			buildActionMask = 2147483647;
			files = (
				3F475A741F14B05A00B82645 /* TRCMyPageCell.swift in Sources */,
				3F4758F11F0BA02400B82645 /* TRCAccountInfoInputViewController.swift in Sources */,
				3F47594F1F0CC46000B82645 /* TRCUserLeaveViewController.swift in Sources */,
				3FB4116F1EFCF09C008720A6 /* TRCLoginAPIController.swift in Sources */,
				3F57F6E31F1CC19800CC079C /* GLViewPagerViewController.swift in Sources */,
				3F57F6E61F1CC33A00CC079C /* TRCSearchPageViewController.swift in Sources */,
				3F57F6F71F1F032000CC079C /* example2.swift in Sources */,
				3FB4116C1EFBBEF6008720A6 /* Alert.swift in Sources */,
				3F475A671F14687F00B82645 /* TRCAboutAppCell.swift in Sources */,
				3FB411771F00988A008720A6 /* TRCAPIKeyContant.swift in Sources */,
				3F4759471F0CC44000B82645 /* TRCThemeColorSettingViewController.swift in Sources */,
				3F47591C1F0C7DA100B82645 /* Image.swift in Sources */,
				3F4758F51F0BA03F00B82645 /* TRCPharmacySearchResultsViewController.swift in Sources */,
				3F57F7331F25F78800CC079C /* TRCMessageListViewController.swift in Sources */,
				3F47593B1F0CC40000B82645 /* TRCPasscodeLockSettingViewController.swift in Sources */,
				3F4759331F0CC3DF00B82645 /* TRCEmailChangeCompleteViewController.swift in Sources */,
				3F4759371F0CC3EA00B82645 /* TRCPasswordChangeViewController.swift in Sources */,
				3F475A601F0F9F0300B82645 /* TRCMyPageViewController.swift in Sources */,
				3FB411AD1F09F2AA008720A6 /* TRCRegisterViewController.swift in Sources */,
				3F57F6FD1F1F035700CC079C /* example5.swift in Sources */,
				3F4758FD1F0BA08100B82645 /* TRCPharmacySearchViewController.swift in Sources */,
				3F47592B1F0CC3BE00B82645 /* TRCEmailChangeInputViewController.swift in Sources */,
				3FB411441EFB6221008720A6 /* AppDelegate.swift in Sources */,
				3F475A901F1753FD00B82645 /* TRCPointDetailCell.swift in Sources */,
				C05B9ABF1F1F03A30069B903 /* TRCPharmacyObject.swift in Sources */,
				3F47594B1F0CC45000B82645 /* TRCAboutAppViewController.swift in Sources */,
				3F475A981F1763AE00B82645 /* TRCSearchResultCell.swift in Sources */,
				3F475A641F132AC800B82645 /* Singleton.swift in Sources */,
				3FB411681EFBBA11008720A6 /* TRCConfigConstant.swift in Sources */,
				3FB411901F04F884008720A6 /* Button.swift in Sources */,
				3F4759751F0DE72A00B82645 /* TRCLinkedServiceCell.swift in Sources */,
				3FB4119E1F063819008720A6 /* View.swift in Sources */,
				3F57F6F51F1F031300CC079C /* example.swift in Sources */,
				3FB411791F00B05A008720A6 /* Connectivity.swift in Sources */,
				3FB4114F1EFB7CA7008720A6 /* TRCLoginViewController.swift in Sources */,
				3F4759431F0CC42F00B82645 /* TRCNotificationSettingViewController.swift in Sources */,
				3FB4116A1EFBBAC2008720A6 /* TRCStringConstant.swift in Sources */,
				3F4759231F0CC37B00B82645 /* TRCSettingViewController.swift in Sources */,
				3F475A861F172A2000B82645 /* TRCPointViewController.swift in Sources */,
				3FB411991F05F988008720A6 /* TRCHomeViewController.swift in Sources */,
				3F4759531F0CC46E00B82645 /* TRCUserLeaveCompleteViewController.swift in Sources */,
				3FB411561EFB9DD2008720A6 /* HexColor.swift in Sources */,
				3F47592F1F0CC3CC00B82645 /* TRCLinkedServicesViewController.swift in Sources */,
				3FB411A51F09E13E008720A6 /* TRCPreLoginViewController.swift in Sources */,
				3F4758F91F0BA05F00B82645 /* TRCMyPharmacistInputViewController.swift in Sources */,
				3F475A8C1F1753E600B82645 /* TRCPointDetailViewController.swift in Sources */,
				3F4759281F0CC3AD00B82645 /* TRCLogoutViewController.swift in Sources */,
				3F57F6FB1F1F034800CC079C /* example4.swift in Sources */,
				3FB4119C1F05FB8B008720A6 /* Textfield.swift in Sources */,
				3F4759051F0BA0A700B82645 /* TRCUserRegistCompleteViewController.swift in Sources */,
				3F57F6F91F1F032C00CC079C /* example3.swift in Sources */,
				3FB4118E1F0122D0008720A6 /* UserDefaults.swift in Sources */,
				3F47593F1F0CC40F00B82645 /* TRCPasscodeLockInputViewController.swift in Sources */,
				3F475A801F17155E00B82645 /* TRCMyPharmacyDetailViewController.swift in Sources */,
				3F4759161F0BA86C00B82645 /* TRCForgotPasswordSentViewController.swift in Sources */,
				3F57F6DB1F1C618800CC079C /* TRCSearchLocationPageView.swift in Sources */,
				3FB411731EFD0DDA008720A6 /* TRCBaseAPIController.swift in Sources */,
				3FB411921F05F7B9008720A6 /* Label.swift in Sources */,
				3F57F6DF1F1C619E00CC079C /* TRCSearchCurrentLocationPageView.swift in Sources */,
				3F475A7A1F16155200B82645 /* TRCWalkingGoalDetailViewController.swift in Sources */,
				3FB4114C1EFB7C98008720A6 /* TRCBaseViewController.swift in Sources */,
				3F57F7371F25F7C100CC079C /* TRCMessageListCell.swift in Sources */,
				3F57F7291F21DDEA00CC079C /* TRCQRCodeViewController.swift in Sources */,
				3F4759151F0BA86C00B82645 /* TRCForgotPasswordEmailInputViewController.swift in Sources */,
			);
			runOnlyForDeploymentPostprocessing = 0;
		};
/* End PBXSourcesBuildPhase section */

/* Begin PBXVariantGroup section */
		C00CF8F11F17284800B6A5A5 /* Localizable.strings */ = {
			isa = PBXVariantGroup;
			children = (
				C00CF8F01F17284800B6A5A5 /* ja */,
				C00CF8F21F17285400B6A5A5 /* en */,
			);
			name = Localizable.strings;
			sourceTree = "<group>";
		};
/* End PBXVariantGroup section */

/* Begin XCBuildConfiguration section */
		3FB4112A1EFB607C008720A6 /* Debug */ = {
			isa = XCBuildConfiguration;
			buildSettings = {
				ALWAYS_SEARCH_USER_PATHS = NO;
				CLANG_ANALYZER_NONNULL = YES;
				CLANG_ANALYZER_NUMBER_OBJECT_CONVERSION = YES_AGGRESSIVE;
				CLANG_CXX_LANGUAGE_STANDARD = "gnu++0x";
				CLANG_CXX_LIBRARY = "libc++";
				CLANG_ENABLE_MODULES = YES;
				CLANG_ENABLE_OBJC_ARC = YES;
				CLANG_WARN_BOOL_CONVERSION = YES;
				CLANG_WARN_CONSTANT_CONVERSION = YES;
				CLANG_WARN_DIRECT_OBJC_ISA_USAGE = YES_ERROR;
				CLANG_WARN_DOCUMENTATION_COMMENTS = YES;
				CLANG_WARN_EMPTY_BODY = YES;
				CLANG_WARN_ENUM_CONVERSION = YES;
				CLANG_WARN_INFINITE_RECURSION = YES;
				CLANG_WARN_INT_CONVERSION = YES;
				CLANG_WARN_OBJC_ROOT_CLASS = YES_ERROR;
				CLANG_WARN_SUSPICIOUS_MOVE = YES;
				CLANG_WARN_UNREACHABLE_CODE = YES;
				CLANG_WARN__DUPLICATE_METHOD_MATCH = YES;
				"CODE_SIGN_IDENTITY[sdk=iphoneos*]" = "iPhone Developer";
				COPY_PHASE_STRIP = NO;
				DEBUG_INFORMATION_FORMAT = dwarf;
				ENABLE_STRICT_OBJC_MSGSEND = YES;
				ENABLE_TESTABILITY = YES;
				GCC_C_LANGUAGE_STANDARD = gnu99;
				GCC_DYNAMIC_NO_PIC = NO;
				GCC_NO_COMMON_BLOCKS = YES;
				GCC_OPTIMIZATION_LEVEL = 0;
				GCC_PREPROCESSOR_DEFINITIONS = (
					"DEBUG=1",
					"$(inherited)",
				);
				GCC_WARN_64_TO_32_BIT_CONVERSION = YES;
				GCC_WARN_ABOUT_RETURN_TYPE = YES_ERROR;
				GCC_WARN_UNDECLARED_SELECTOR = YES;
				GCC_WARN_UNINITIALIZED_AUTOS = YES_AGGRESSIVE;
				GCC_WARN_UNUSED_FUNCTION = YES;
				GCC_WARN_UNUSED_VARIABLE = YES;
				IPHONEOS_DEPLOYMENT_TARGET = 10.3;
				MTL_ENABLE_DEBUG_INFO = YES;
				ONLY_ACTIVE_ARCH = YES;
				SDKROOT = iphoneos;
				SWIFT_ACTIVE_COMPILATION_CONDITIONS = DEBUG;
				SWIFT_OPTIMIZATION_LEVEL = "-Onone";
				TARGETED_DEVICE_FAMILY = "1,2";
			};
			name = Debug;
		};
		3FB4112B1EFB607C008720A6 /* Release */ = {
			isa = XCBuildConfiguration;
			buildSettings = {
				ALWAYS_SEARCH_USER_PATHS = NO;
				CLANG_ANALYZER_NONNULL = YES;
				CLANG_ANALYZER_NUMBER_OBJECT_CONVERSION = YES_AGGRESSIVE;
				CLANG_CXX_LANGUAGE_STANDARD = "gnu++0x";
				CLANG_CXX_LIBRARY = "libc++";
				CLANG_ENABLE_MODULES = YES;
				CLANG_ENABLE_OBJC_ARC = YES;
				CLANG_WARN_BOOL_CONVERSION = YES;
				CLANG_WARN_CONSTANT_CONVERSION = YES;
				CLANG_WARN_DIRECT_OBJC_ISA_USAGE = YES_ERROR;
				CLANG_WARN_DOCUMENTATION_COMMENTS = YES;
				CLANG_WARN_EMPTY_BODY = YES;
				CLANG_WARN_ENUM_CONVERSION = YES;
				CLANG_WARN_INFINITE_RECURSION = YES;
				CLANG_WARN_INT_CONVERSION = YES;
				CLANG_WARN_OBJC_ROOT_CLASS = YES_ERROR;
				CLANG_WARN_SUSPICIOUS_MOVE = YES;
				CLANG_WARN_UNREACHABLE_CODE = YES;
				CLANG_WARN__DUPLICATE_METHOD_MATCH = YES;
				"CODE_SIGN_IDENTITY[sdk=iphoneos*]" = "iPhone Developer";
				COPY_PHASE_STRIP = NO;
				DEBUG_INFORMATION_FORMAT = "dwarf-with-dsym";
				ENABLE_NS_ASSERTIONS = NO;
				ENABLE_STRICT_OBJC_MSGSEND = YES;
				GCC_C_LANGUAGE_STANDARD = gnu99;
				GCC_NO_COMMON_BLOCKS = YES;
				GCC_WARN_64_TO_32_BIT_CONVERSION = YES;
				GCC_WARN_ABOUT_RETURN_TYPE = YES_ERROR;
				GCC_WARN_UNDECLARED_SELECTOR = YES;
				GCC_WARN_UNINITIALIZED_AUTOS = YES_AGGRESSIVE;
				GCC_WARN_UNUSED_FUNCTION = YES;
				GCC_WARN_UNUSED_VARIABLE = YES;
				IPHONEOS_DEPLOYMENT_TARGET = 10.3;
				MTL_ENABLE_DEBUG_INFO = NO;
				SDKROOT = iphoneos;
				SWIFT_OPTIMIZATION_LEVEL = "-Owholemodule";
				TARGETED_DEVICE_FAMILY = "1,2";
				VALIDATE_PRODUCT = YES;
			};
			name = Release;
		};
		3FB4112D1EFB607C008720A6 /* Debug */ = {
			isa = XCBuildConfiguration;
			baseConfigurationReference = 9BA8D2920B3EE77AA5D9A04B /* Pods-ToricareSwift.debug.xcconfig */;
			buildSettings = {
				ASSETCATALOG_COMPILER_APPICON_NAME = AppIcon;
				CLANG_ENABLE_MODULES = YES;
				DEVELOPMENT_TEAM = 2L8CWRYK58;
				GCC_PREPROCESSOR_DEFINITIONS = "DEBUG=1";
				INFOPLIST_FILE = "$(SRCROOT)/ToricareSwift/Supporting File/Info.plist";
				IPHONEOS_DEPLOYMENT_TARGET = 9.0;
				LD_RUNPATH_SEARCH_PATHS = "$(inherited) @executable_path/Frameworks";
				PRODUCT_BUNDLE_IDENTIFIER = com.meobeo.ToricareSwift;
				PRODUCT_NAME = "$(TARGET_NAME)";
				SWIFT_ACTIVE_COMPILATION_CONDITIONS = DEBUG_LEVEL_1;
				SWIFT_OBJC_BRIDGING_HEADER = "ToricareSwift/Supporting File/ToricareSwift-Bridging-Header.h";
				SWIFT_OPTIMIZATION_LEVEL = "-Onone";
				SWIFT_VERSION = 3.0;
			};
			name = Debug;
		};
		3FB4112E1EFB607C008720A6 /* Release */ = {
			isa = XCBuildConfiguration;
			baseConfigurationReference = B0F2E964DF771890668F717B /* Pods-ToricareSwift.release.xcconfig */;
			buildSettings = {
				ASSETCATALOG_COMPILER_APPICON_NAME = AppIcon;
				CLANG_ENABLE_MODULES = YES;
				DEVELOPMENT_TEAM = 2L8CWRYK58;
				GCC_PREPROCESSOR_DEFINITIONS = "";
				INFOPLIST_FILE = "$(SRCROOT)/ToricareSwift/Supporting File/Info.plist";
				IPHONEOS_DEPLOYMENT_TARGET = 9.0;
				LD_RUNPATH_SEARCH_PATHS = "$(inherited) @executable_path/Frameworks";
				PRODUCT_BUNDLE_IDENTIFIER = com.meobeo.ToricareSwift;
				PRODUCT_NAME = "$(TARGET_NAME)";
				SWIFT_OBJC_BRIDGING_HEADER = "ToricareSwift/Supporting File/ToricareSwift-Bridging-Header.h";
				SWIFT_VERSION = 3.0;
			};
			name = Release;
		};
/* End XCBuildConfiguration section */

/* Begin XCConfigurationList section */
		3FB411151EFB607C008720A6 /* Build configuration list for PBXProject "ToricareSwift" */ = {
			isa = XCConfigurationList;
			buildConfigurations = (
				3FB4112A1EFB607C008720A6 /* Debug */,
				3FB4112B1EFB607C008720A6 /* Release */,
			);
			defaultConfigurationIsVisible = 0;
			defaultConfigurationName = Release;
		};
		3FB4112C1EFB607C008720A6 /* Build configuration list for PBXNativeTarget "ToricareSwift" */ = {
			isa = XCConfigurationList;
			buildConfigurations = (
				3FB4112D1EFB607C008720A6 /* Debug */,
				3FB4112E1EFB607C008720A6 /* Release */,
			);
			defaultConfigurationIsVisible = 0;
			defaultConfigurationName = Release;
		};
/* End XCConfigurationList section */
	};
	rootObject = 3FB411121EFB607C008720A6 /* Project object */;
}
